PODS:
  - Alamofire (3.3.1)
  - ChameleonFramework/Default (2.1.0)
  - ChameleonFramework/Swift (2.1.0):
    - ChameleonFramework/Default

DEPENDENCIES:
  - Alamofire (~> 3.3.0)
  - ChameleonFramework/Swift

SPEC CHECKSUMS:
  Alamofire: 369bc67b6f5ac33ded3648d7bd21c5bfb91c2ecc
  ChameleonFramework: d21a3cc247abfe5e37609a283a8238b03575cf64

COCOAPODS: 0.39.0
