// !$*UTF8*$!
{
	archiveVersion = 1;
	classes = {
	};
	objectVersion = 46;
	objects = {

/* Begin PBXBuildFile section */
		8492F81778008372FB9EC25F /* Pods_Lotos.framework in Frameworks */ = {isa = PBXBuildFile; fileRef = B9B639DD2D431D50832F6EB7 /* Pods_Lotos.framework */; };
		E460E1E11CEB7F98001DAFDC /* Constants.swift in Sources */ = {isa = PBXBuildFile; fileRef = E460E1DB1CEB7F98001DAFDC /* Constants.swift */; };
		E460E1E21CEB7F98001DAFDC /* CoreDataStack.swift in Sources */ = {isa = PBXBuildFile; fileRef = E460E1DC1CEB7F98001DAFDC /* CoreDataStack.swift */; };
		E460E1E31CEB7F98001DAFDC /* DataManager.swift in Sources */ = {isa = PBXBuildFile; fileRef = E460E1DD1CEB7F98001DAFDC /* DataManager.swift */; };
		E460E1E41CEB7F98001DAFDC /* FileManager.swift in Sources */ = {isa = PBXBuildFile; fileRef = E460E1DE1CEB7F98001DAFDC /* FileManager.swift */; };
		E460E1E51CEB7F98001DAFDC /* NetManager.swift in Sources */ = {isa = PBXBuildFile; fileRef = E460E1DF1CEB7F98001DAFDC /* NetManager.swift */; };
		E460E1E61CEB7F98001DAFDC /* UserDefaultsManager.swift in Sources */ = {isa = PBXBuildFile; fileRef = E460E1E01CEB7F98001DAFDC /* UserDefaultsManager.swift */; };
		E4643A1B1CDFE08F00811E3C /* AppDelegate.swift in Sources */ = {isa = PBXBuildFile; fileRef = E4643A1A1CDFE08F00811E3C /* AppDelegate.swift */; };
		E4643A201CDFE08F00811E3C /* Main.storyboard in Resources */ = {isa = PBXBuildFile; fileRef = E4643A1E1CDFE08F00811E3C /* Main.storyboard */; };
		E4643A251CDFE08F00811E3C /* Assets.xcassets in Resources */ = {isa = PBXBuildFile; fileRef = E4643A241CDFE08F00811E3C /* Assets.xcassets */; };
		E4643A281CDFE08F00811E3C /* LaunchScreen.storyboard in Resources */ = {isa = PBXBuildFile; fileRef = E4643A261CDFE08F00811E3C /* LaunchScreen.storyboard */; };
		E4643A331CDFE54E00811E3C /* MainTableViewController.swift in Sources */ = {isa = PBXBuildFile; fileRef = E4643A321CDFE54E00811E3C /* MainTableViewController.swift */; };
		E4643A351CDFE58900811E3C /* AnimationViewController.swift in Sources */ = {isa = PBXBuildFile; fileRef = E4643A341CDFE58900811E3C /* AnimationViewController.swift */; };
		E48566EB1CEF7C6C003FF85E /* Lotos.xcdatamodeld in Sources */ = {isa = PBXBuildFile; fileRef = E48566E91CEF7C6C003FF85E /* Lotos.xcdatamodeld */; };
		E48566ED1CEF8C0D003FF85E /* TrainersTableViewController.swift in Sources */ = {isa = PBXBuildFile; fileRef = E48566EC1CEF8C0D003FF85E /* TrainersTableViewController.swift */; };
		E48566EF1CEF92DF003FF85E /* LotosApi.swift in Sources */ = {isa = PBXBuildFile; fileRef = E48566EE1CEF92DF003FF85E /* LotosApi.swift */; };
		E48566F31CEF9861003FF85E /* Trainer+CoreDataProperties.swift in Sources */ = {isa = PBXBuildFile; fileRef = E48566F11CEF9861003FF85E /* Trainer+CoreDataProperties.swift */; };
		E48566F41CEF9861003FF85E /* Trainer.swift in Sources */ = {isa = PBXBuildFile; fileRef = E48566F21CEF9861003FF85E /* Trainer.swift */; };
/* End PBXBuildFile section */

/* Begin PBXFileReference section */
		3D9B967249D41EDA330CC83B /* Pods-Lotos.debug.xcconfig */ = {isa = PBXFileReference; includeInIndex = 1; lastKnownFileType = text.xcconfig; name = "Pods-Lotos.debug.xcconfig"; path = "Pods/Target Support Files/Pods-Lotos/Pods-Lotos.debug.xcconfig"; sourceTree = "<group>"; };
		696E7F8D8C147CE8717B2BA2 /* Pods-Lotos.release.xcconfig */ = {isa = PBXFileReference; includeInIndex = 1; lastKnownFileType = text.xcconfig; name = "Pods-Lotos.release.xcconfig"; path = "Pods/Target Support Files/Pods-Lotos/Pods-Lotos.release.xcconfig"; sourceTree = "<group>"; };
		B9B639DD2D431D50832F6EB7 /* Pods_Lotos.framework */ = {isa = PBXFileReference; explicitFileType = wrapper.framework; includeInIndex = 0; path = Pods_Lotos.framework; sourceTree = BUILT_PRODUCTS_DIR; };
		E460E1DB1CEB7F98001DAFDC /* Constants.swift */ = {isa = PBXFileReference; fileEncoding = 4; lastKnownFileType = sourcecode.swift; path = Constants.swift; sourceTree = "<group>"; };
		E460E1DC1CEB7F98001DAFDC /* CoreDataStack.swift */ = {isa = PBXFileReference; fileEncoding = 4; lastKnownFileType = sourcecode.swift; path = CoreDataStack.swift; sourceTree = "<group>"; };
		E460E1DD1CEB7F98001DAFDC /* DataManager.swift */ = {isa = PBXFileReference; fileEncoding = 4; lastKnownFileType = sourcecode.swift; path = DataManager.swift; sourceTree = "<group>"; };
		E460E1DE1CEB7F98001DAFDC /* FileManager.swift */ = {isa = PBXFileReference; fileEncoding = 4; lastKnownFileType = sourcecode.swift; path = FileManager.swift; sourceTree = "<group>"; };
		E460E1DF1CEB7F98001DAFDC /* NetManager.swift */ = {isa = PBXFileReference; fileEncoding = 4; lastKnownFileType = sourcecode.swift; path = NetManager.swift; sourceTree = "<group>"; };
		E460E1E01CEB7F98001DAFDC /* UserDefaultsManager.swift */ = {isa = PBXFileReference; fileEncoding = 4; lastKnownFileType = sourcecode.swift; path = UserDefaultsManager.swift; sourceTree = "<group>"; };
		E4643A171CDFE08F00811E3C /* Lotos.app */ = {isa = PBXFileReference; explicitFileType = wrapper.application; includeInIndex = 0; path = Lotos.app; sourceTree = BUILT_PRODUCTS_DIR; };
		E4643A1A1CDFE08F00811E3C /* AppDelegate.swift */ = {isa = PBXFileReference; lastKnownFileType = sourcecode.swift; path = AppDelegate.swift; sourceTree = "<group>"; };
		E4643A1F1CDFE08F00811E3C /* Base */ = {isa = PBXFileReference; lastKnownFileType = file.storyboard; name = Base; path = Base.lproj/Main.storyboard; sourceTree = "<group>"; };
		E4643A241CDFE08F00811E3C /* Assets.xcassets */ = {isa = PBXFileReference; lastKnownFileType = folder.assetcatalog; path = Assets.xcassets; sourceTree = "<group>"; };
		E4643A271CDFE08F00811E3C /* Base */ = {isa = PBXFileReference; lastKnownFileType = file.storyboard; name = Base; path = Base.lproj/LaunchScreen.storyboard; sourceTree = "<group>"; };
		E4643A291CDFE08F00811E3C /* Info.plist */ = {isa = PBXFileReference; lastKnownFileType = text.plist.xml; path = Info.plist; sourceTree = "<group>"; };
		E4643A321CDFE54E00811E3C /* MainTableViewController.swift */ = {isa = PBXFileReference; fileEncoding = 4; lastKnownFileType = sourcecode.swift; path = MainTableViewController.swift; sourceTree = "<group>"; };
		E4643A341CDFE58900811E3C /* AnimationViewController.swift */ = {isa = PBXFileReference; fileEncoding = 4; lastKnownFileType = sourcecode.swift; path = AnimationViewController.swift; sourceTree = "<group>"; };
		E48566EA1CEF7C6C003FF85E /* Lotos.xcdatamodel */ = {isa = PBXFileReference; lastKnownFileType = wrapper.xcdatamodel; path = Lotos.xcdatamodel; sourceTree = "<group>"; };
		E48566EC1CEF8C0D003FF85E /* TrainersTableViewController.swift */ = {isa = PBXFileReference; fileEncoding = 4; lastKnownFileType = sourcecode.swift; path = TrainersTableViewController.swift; sourceTree = "<group>"; };
		E48566EE1CEF92DF003FF85E /* LotosApi.swift */ = {isa = PBXFileReference; fileEncoding = 4; lastKnownFileType = sourcecode.swift; path = LotosApi.swift; sourceTree = "<group>"; };
		E48566F11CEF9861003FF85E /* Trainer+CoreDataProperties.swift */ = {isa = PBXFileReference; fileEncoding = 4; lastKnownFileType = sourcecode.swift; path = "Trainer+CoreDataProperties.swift"; sourceTree = "<group>"; };
		E48566F21CEF9861003FF85E /* Trainer.swift */ = {isa = PBXFileReference; fileEncoding = 4; lastKnownFileType = sourcecode.swift; path = Trainer.swift; sourceTree = "<group>"; };
/* End PBXFileReference section */

/* Begin PBXFrameworksBuildPhase section */
		E4643A141CDFE08F00811E3C /* Frameworks */ = {
			isa = PBXFrameworksBuildPhase;
			buildActionMask = 2147483647;
			files = (
				8492F81778008372FB9EC25F /* Pods_Lotos.framework in Frameworks */,
			);
			runOnlyForDeploymentPostprocessing = 0;
		};
/* End PBXFrameworksBuildPhase section */

/* Begin PBXGroup section */
		6502F35898A70D61404E3519 /* Pods */ = {
			isa = PBXGroup;
			children = (
				3D9B967249D41EDA330CC83B /* Pods-Lotos.debug.xcconfig */,
				696E7F8D8C147CE8717B2BA2 /* Pods-Lotos.release.xcconfig */,
			);
			name = Pods;
			sourceTree = "<group>";
		};
		C6FD846BA1308EE24F2F829B /* Frameworks */ = {
			isa = PBXGroup;
			children = (
				B9B639DD2D431D50832F6EB7 /* Pods_Lotos.framework */,
			);
			name = Frameworks;
			sourceTree = "<group>";
		};
		E460E1DA1CEB7F4C001DAFDC /* Manager */ = {
			isa = PBXGroup;
			children = (
				E460E1DB1CEB7F98001DAFDC /* Constants.swift */,
				E460E1DC1CEB7F98001DAFDC /* CoreDataStack.swift */,
				E460E1DD1CEB7F98001DAFDC /* DataManager.swift */,
				E460E1DE1CEB7F98001DAFDC /* FileManager.swift */,
				E460E1DF1CEB7F98001DAFDC /* NetManager.swift */,
				E460E1E01CEB7F98001DAFDC /* UserDefaultsManager.swift */,
				E48566EE1CEF92DF003FF85E /* LotosApi.swift */,
			);
			path = Manager;
			sourceTree = "<group>";
		};
		E4643A0E1CDFE08F00811E3C = {
			isa = PBXGroup;
			children = (
				E4643A191CDFE08F00811E3C /* Lotos */,
				E4643A181CDFE08F00811E3C /* Products */,
				6502F35898A70D61404E3519 /* Pods */,
				C6FD846BA1308EE24F2F829B /* Frameworks */,
			);
			sourceTree = "<group>";
		};
		E4643A181CDFE08F00811E3C /* Products */ = {
			isa = PBXGroup;
			children = (
				E4643A171CDFE08F00811E3C /* Lotos.app */,
			);
			name = Products;
			sourceTree = "<group>";
		};
		E4643A191CDFE08F00811E3C /* Lotos */ = {
			isa = PBXGroup;
			children = (
				E460E1DA1CEB7F4C001DAFDC /* Manager */,
				E4643A311CDFE53F00811E3C /* Controllers */,
				E48566F01CEF97F0003FF85E /* Model */,
				E4643A241CDFE08F00811E3C /* Assets.xcassets */,
				E4643A1E1CDFE08F00811E3C /* Main.storyboard */,
				E4643A261CDFE08F00811E3C /* LaunchScreen.storyboard */,
				E48566E91CEF7C6C003FF85E /* Lotos.xcdatamodeld */,
				E4643A1A1CDFE08F00811E3C /* AppDelegate.swift */,
				E4643A291CDFE08F00811E3C /* Info.plist */,
			);
			path = Lotos;
			sourceTree = "<group>";
		};
		E4643A311CDFE53F00811E3C /* Controllers */ = {
			isa = PBXGroup;
			children = (
				E4643A321CDFE54E00811E3C /* MainTableViewController.swift */,
				E48566EC1CEF8C0D003FF85E /* TrainersTableViewController.swift */,
				E4643A341CDFE58900811E3C /* AnimationViewController.swift */,
			);
			path = Controllers;
			sourceTree = "<group>";
		};
		E48566F01CEF97F0003FF85E /* Model */ = {
			isa = PBXGroup;
			children = (
				E48566F11CEF9861003FF85E /* Trainer+CoreDataProperties.swift */,
				E48566F21CEF9861003FF85E /* Trainer.swift */,
			);
			path = Model;
			sourceTree = "<group>";
		};
/* End PBXGroup section */

/* Begin PBXNativeTarget section */
		E4643A161CDFE08F00811E3C /* Lotos */ = {
			isa = PBXNativeTarget;
			buildConfigurationList = E4643A2C1CDFE08F00811E3C /* Build configuration list for PBXNativeTarget "Lotos" */;
			buildPhases = (
				BBF4FD430319DBA01D4BD498 /* Check Pods Manifest.lock */,
				E4643A131CDFE08F00811E3C /* Sources */,
				E4643A141CDFE08F00811E3C /* Frameworks */,
				E4643A151CDFE08F00811E3C /* Resources */,
				E65072666CC9BD1C9440373E /* Embed Pods Frameworks */,
				B16858385D7CBBBE6ACFD8E6 /* Copy Pods Resources */,
			);
			buildRules = (
			);
			dependencies = (
			);
			name = Lotos;
			productName = Lotos;
			productReference = E4643A171CDFE08F00811E3C /* Lotos.app */;
			productType = "com.apple.product-type.application";
		};
/* End PBXNativeTarget section */

/* Begin PBXProject section */
		E4643A0F1CDFE08F00811E3C /* Project object */ = {
			isa = PBXProject;
			attributes = {
				LastSwiftUpdateCheck = 0730;
				LastUpgradeCheck = 0730;
				ORGANIZATIONNAME = "Andrey Torlopov";
				TargetAttributes = {
					E4643A161CDFE08F00811E3C = {
						CreatedOnToolsVersion = 7.3;
					};
				};
			};
			buildConfigurationList = E4643A121CDFE08F00811E3C /* Build configuration list for PBXProject "Lotos" */;
			compatibilityVersion = "Xcode 3.2";
			developmentRegion = English;
			hasScannedForEncodings = 0;
			knownRegions = (
				en,
				Base,
			);
			mainGroup = E4643A0E1CDFE08F00811E3C;
			productRefGroup = E4643A181CDFE08F00811E3C /* Products */;
			projectDirPath = "";
			projectRoot = "";
			targets = (
				E4643A161CDFE08F00811E3C /* Lotos */,
			);
		};
/* End PBXProject section */

/* Begin PBXResourcesBuildPhase section */
		E4643A151CDFE08F00811E3C /* Resources */ = {
			isa = PBXResourcesBuildPhase;
			buildActionMask = 2147483647;
			files = (
				E4643A281CDFE08F00811E3C /* LaunchScreen.storyboard in Resources */,
				E4643A251CDFE08F00811E3C /* Assets.xcassets in Resources */,
				E4643A201CDFE08F00811E3C /* Main.storyboard in Resources */,
			);
			runOnlyForDeploymentPostprocessing = 0;
		};
/* End PBXResourcesBuildPhase section */

/* Begin PBXShellScriptBuildPhase section */
		B16858385D7CBBBE6ACFD8E6 /* Copy Pods Resources */ = {
			isa = PBXShellScriptBuildPhase;
			buildActionMask = 2147483647;
			files = (
			);
			inputPaths = (
			);
			name = "Copy Pods Resources";
			outputPaths = (
			);
			runOnlyForDeploymentPostprocessing = 0;
			shellPath = /bin/sh;
			shellScript = "\"${SRCROOT}/Pods/Target Support Files/Pods-Lotos/Pods-Lotos-resources.sh\"\n";
			showEnvVarsInLog = 0;
		};
		BBF4FD430319DBA01D4BD498 /* Check Pods Manifest.lock */ = {
			isa = PBXShellScriptBuildPhase;
			buildActionMask = 2147483647;
			files = (
			);
			inputPaths = (
			);
			name = "Check Pods Manifest.lock";
			outputPaths = (
			);
			runOnlyForDeploymentPostprocessing = 0;
			shellPath = /bin/sh;
			shellScript = "diff \"${PODS_ROOT}/../Podfile.lock\" \"${PODS_ROOT}/Manifest.lock\" > /dev/null\nif [[ $? != 0 ]] ; then\n    cat << EOM\nerror: The sandbox is not in sync with the Podfile.lock. Run 'pod install' or update your CocoaPods installation.\nEOM\n    exit 1\nfi\n";
			showEnvVarsInLog = 0;
		};
		E65072666CC9BD1C9440373E /* Embed Pods Frameworks */ = {
			isa = PBXShellScriptBuildPhase;
			buildActionMask = 2147483647;
			files = (
			);
			inputPaths = (
			);
			name = "Embed Pods Frameworks";
			outputPaths = (
			);
			runOnlyForDeploymentPostprocessing = 0;
			shellPath = /bin/sh;
			shellScript = "\"${SRCROOT}/Pods/Target Support Files/Pods-Lotos/Pods-Lotos-frameworks.sh\"\n";
			showEnvVarsInLog = 0;
		};
/* End PBXShellScriptBuildPhase section */

/* Begin PBXSourcesBuildPhase section */
		E4643A131CDFE08F00811E3C /* Sources */ = {
			isa = PBXSourcesBuildPhase;
			buildActionMask = 2147483647;
			files = (
				E48566EF1CEF92DF003FF85E /* LotosApi.swift in Sources */,
				E460E1E11CEB7F98001DAFDC /* Constants.swift in Sources */,
				E48566EB1CEF7C6C003FF85E /* Lotos.xcdatamodeld in Sources */,
				E48566F41CEF9861003FF85E /* Trainer.swift in Sources */,
				E4643A331CDFE54E00811E3C /* MainTableViewController.swift in Sources */,
				E48566F31CEF9861003FF85E /* Trainer+CoreDataProperties.swift in Sources */,
				E460E1E31CEB7F98001DAFDC /* DataManager.swift in Sources */,
				E460E1E51CEB7F98001DAFDC /* NetManager.swift in Sources */,
				E460E1E21CEB7F98001DAFDC /* CoreDataStack.swift in Sources */,
				E48566ED1CEF8C0D003FF85E /* TrainersTableViewController.swift in Sources */,
				E460E1E61CEB7F98001DAFDC /* UserDefaultsManager.swift in Sources */,
				E4643A1B1CDFE08F00811E3C /* AppDelegate.swift in Sources */,
				E4643A351CDFE58900811E3C /* AnimationViewController.swift in Sources */,
				E460E1E41CEB7F98001DAFDC /* FileManager.swift in Sources */,
			);
			runOnlyForDeploymentPostprocessing = 0;
		};
/* End PBXSourcesBuildPhase section */

/* Begin PBXVariantGroup section */
		E4643A1E1CDFE08F00811E3C /* Main.storyboard */ = {
			isa = PBXVariantGroup;
			children = (
				E4643A1F1CDFE08F00811E3C /* Base */,
			);
			name = Main.storyboard;
			sourceTree = "<group>";
		};
		E4643A261CDFE08F00811E3C /* LaunchScreen.storyboard */ = {
			isa = PBXVariantGroup;
			children = (
				E4643A271CDFE08F00811E3C /* Base */,
			);
			name = LaunchScreen.storyboard;
			sourceTree = "<group>";
		};
/* End PBXVariantGroup section */

/* Begin XCBuildConfiguration section */
		E4643A2A1CDFE08F00811E3C /* Debug */ = {
			isa = XCBuildConfiguration;
			buildSettings = {
				ALWAYS_SEARCH_USER_PATHS = NO;
				CLANG_ANALYZER_NONNULL = YES;
				CLANG_CXX_LANGUAGE_STANDARD = "gnu++0x";
				CLANG_CXX_LIBRARY = "libc++";
				CLANG_ENABLE_MODULES = YES;
				CLANG_ENABLE_OBJC_ARC = YES;
				CLANG_WARN_BOOL_CONVERSION = YES;
				CLANG_WARN_CONSTANT_CONVERSION = YES;
				CLANG_WARN_DIRECT_OBJC_ISA_USAGE = YES_ERROR;
				CLANG_WARN_EMPTY_BODY = YES;
				CLANG_WARN_ENUM_CONVERSION = YES;
				CLANG_WARN_INT_CONVERSION = YES;
				CLANG_WARN_OBJC_ROOT_CLASS = YES_ERROR;
				CLANG_WARN_UNREACHABLE_CODE = YES;
				CLANG_WARN__DUPLICATE_METHOD_MATCH = YES;
				"CODE_SIGN_IDENTITY[sdk=iphoneos*]" = "iPhone Developer";
				COPY_PHASE_STRIP = NO;
				DEBUG_INFORMATION_FORMAT = dwarf;
				ENABLE_STRICT_OBJC_MSGSEND = YES;
				ENABLE_TESTABILITY = YES;
				GCC_C_LANGUAGE_STANDARD = gnu99;
				GCC_DYNAMIC_NO_PIC = NO;
				GCC_NO_COMMON_BLOCKS = YES;
				GCC_OPTIMIZATION_LEVEL = 0;
				GCC_PREPROCESSOR_DEFINITIONS = (
					"DEBUG=1",
					"$(inherited)",
				);
				GCC_WARN_64_TO_32_BIT_CONVERSION = YES;
				GCC_WARN_ABOUT_RETURN_TYPE = YES_ERROR;
				GCC_WARN_UNDECLARED_SELECTOR = YES;
				GCC_WARN_UNINITIALIZED_AUTOS = YES_AGGRESSIVE;
				GCC_WARN_UNUSED_FUNCTION = YES;
				GCC_WARN_UNUSED_VARIABLE = YES;
				IPHONEOS_DEPLOYMENT_TARGET = 9.3;
				MTL_ENABLE_DEBUG_INFO = YES;
				ONLY_ACTIVE_ARCH = YES;
				SDKROOT = iphoneos;
				SWIFT_OPTIMIZATION_LEVEL = "-Onone";
			};
			name = Debug;
		};
		E4643A2B1CDFE08F00811E3C /* Release */ = {
			isa = XCBuildConfiguration;
			buildSettings = {
				ALWAYS_SEARCH_USER_PATHS = NO;
				CLANG_ANALYZER_NONNULL = YES;
				CLANG_CXX_LANGUAGE_STANDARD = "gnu++0x";
				CLANG_CXX_LIBRARY = "libc++";
				CLANG_ENABLE_MODULES = YES;
				CLANG_ENABLE_OBJC_ARC = YES;
				CLANG_WARN_BOOL_CONVERSION = YES;
				CLANG_WARN_CONSTANT_CONVERSION = YES;
				CLANG_WARN_DIRECT_OBJC_ISA_USAGE = YES_ERROR;
				CLANG_WARN_EMPTY_BODY = YES;
				CLANG_WARN_ENUM_CONVERSION = YES;
				CLANG_WARN_INT_CONVERSION = YES;
				CLANG_WARN_OBJC_ROOT_CLASS = YES_ERROR;
				CLANG_WARN_UNREACHABLE_CODE = YES;
				CLANG_WARN__DUPLICATE_METHOD_MATCH = YES;
				"CODE_SIGN_IDENTITY[sdk=iphoneos*]" = "iPhone Developer";
				COPY_PHASE_STRIP = NO;
				DEBUG_INFORMATION_FORMAT = "dwarf-with-dsym";
				ENABLE_NS_ASSERTIONS = NO;
				ENABLE_STRICT_OBJC_MSGSEND = YES;
				GCC_C_LANGUAGE_STANDARD = gnu99;
				GCC_NO_COMMON_BLOCKS = YES;
				GCC_WARN_64_TO_32_BIT_CONVERSION = YES;
				GCC_WARN_ABOUT_RETURN_TYPE = YES_ERROR;
				GCC_WARN_UNDECLARED_SELECTOR = YES;
				GCC_WARN_UNINITIALIZED_AUTOS = YES_AGGRESSIVE;
				GCC_WARN_UNUSED_FUNCTION = YES;
				GCC_WARN_UNUSED_VARIABLE = YES;
				IPHONEOS_DEPLOYMENT_TARGET = 9.3;
				MTL_ENABLE_DEBUG_INFO = NO;
				SDKROOT = iphoneos;
				VALIDATE_PRODUCT = YES;
			};
			name = Release;
		};
		E4643A2D1CDFE08F00811E3C /* Debug */ = {
			isa = XCBuildConfiguration;
			baseConfigurationReference = 3D9B967249D41EDA330CC83B /* Pods-Lotos.debug.xcconfig */;
			buildSettings = {
				ASSETCATALOG_COMPILER_APPICON_NAME = AppIcon;
				INFOPLIST_FILE = Lotos/Info.plist;
				LD_RUNPATH_SEARCH_PATHS = "$(inherited) @executable_path/Frameworks";
				PRODUCT_BUNDLE_IDENTIFIER = glove.Lotos;
				PRODUCT_NAME = "$(TARGET_NAME)";
			};
			name = Debug;
		};
		E4643A2E1CDFE08F00811E3C /* Release */ = {
			isa = XCBuildConfiguration;
			baseConfigurationReference = 696E7F8D8C147CE8717B2BA2 /* Pods-Lotos.release.xcconfig */;
			buildSettings = {
				ASSETCATALOG_COMPILER_APPICON_NAME = AppIcon;
				INFOPLIST_FILE = Lotos/Info.plist;
				LD_RUNPATH_SEARCH_PATHS = "$(inherited) @executable_path/Frameworks";
				PRODUCT_BUNDLE_IDENTIFIER = glove.Lotos;
				PRODUCT_NAME = "$(TARGET_NAME)";
			};
			name = Release;
		};
/* End XCBuildConfiguration section */

/* Begin XCConfigurationList section */
		E4643A121CDFE08F00811E3C /* Build configuration list for PBXProject "Lotos" */ = {
			isa = XCConfigurationList;
			buildConfigurations = (
				E4643A2A1CDFE08F00811E3C /* Debug */,
				E4643A2B1CDFE08F00811E3C /* Release */,
			);
			defaultConfigurationIsVisible = 0;
			defaultConfigurationName = Release;
		};
		E4643A2C1CDFE08F00811E3C /* Build configuration list for PBXNativeTarget "Lotos" */ = {
			isa = XCConfigurationList;
			buildConfigurations = (
				E4643A2D1CDFE08F00811E3C /* Debug */,
				E4643A2E1CDFE08F00811E3C /* Release */,
			);
			defaultConfigurationIsVisible = 0;
			defaultConfigurationName = Release;
		};
/* End XCConfigurationList section */

/* Begin XCVersionGroup section */
		E48566E91CEF7C6C003FF85E /* Lotos.xcdatamodeld */ = {
			isa = XCVersionGroup;
			children = (
				E48566EA1CEF7C6C003FF85E /* Lotos.xcdatamodel */,
			);
			currentVersion = E48566EA1CEF7C6C003FF85E /* Lotos.xcdatamodel */;
			path = Lotos.xcdatamodeld;
			sourceTree = "<group>";
			versionGroupType = wrapper.xcdatamodel;
		};
/* End XCVersionGroup section */
	};
	rootObject = E4643A0F1CDFE08F00811E3C /* Project object */;
}
